
Microsoft Visual Studio Solution File, Format Version 12.00
# Visual Studio Version 17
VisualStudioVersion = 17.0.31903.59
MinimumVisualStudioVersion = 10.0.40219.1
Project("{2150E333-8FDC-42A3-9474-1A3956D46DE8}") = "src", "src", "{827E0CD3-B72D-47B6-A68D-7590B98EB39B}"
EndProject
Project("{FAE04EC0-301F-11D3-BF4B-00C04F79EFBC}") = "Platform.Domain", "src\Platform.Domain\Platform.Domain.csproj", "{3576FB8B-27BD-49E3-BE51-4B20B641D3D4}"
EndProject
Project("{FAE04EC0-301F-11D3-BF4B-00C04F79EFBC}") = "Platform.Infrastructure", "src\Platform.Infrastructure\Platform.Infrastructure.csproj", "{6AA1BADD-217F-4E75-A70B-06B250EE7A53}"
EndProject
Project("{FAE04EC0-301F-11D3-BF4B-00C04F79EFBC}") = "Platform.Api", "src\Platform.Api\Platform.Api.csproj", "{C70F0D57-530A-42B2-BD25-B9BE11F80F03}"
EndProject
Project("{FAE04EC0-301F-11D3-BF4B-00C04F79EFBC}") = "Platform.AppHost", "src\Platform.AppHost\Platform.AppHost.csproj", "{514A3340-BB5F-44A6-BFC6-1F08C651296E}"
EndProject
Project("{FAE04EC0-301F-11D3-BF4B-00C04F79EFBC}") = "Platform.ServiceDefaults", "src\Platform.ServiceDefaults\Platform.ServiceDefaults.csproj", "{CEE8CEF4-1C38-4C6E-B3CD-7548301CE189}"
EndProject
Project("{FAE04EC0-301F-11D3-BF4B-00C04F79EFBC}") = "Platform.Domain.Tests", "src\Platform.Domain.Tests\Platform.Domain.Tests.csproj", "{5A30608D-B7F4-4E4D-B1D8-8A5E6B46E953}"
EndProject
Global
	GlobalSection(SolutionConfigurationPlatforms) = preSolution
		Debug|Any CPU = Debug|Any CPU
		Debug|x64 = Debug|x64
		Debug|x86 = Debug|x86
		Release|Any CPU = Release|Any CPU
		Release|x64 = Release|x64
		Release|x86 = Release|x86
	EndGlobalSection
	GlobalSection(ProjectConfigurationPlatforms) = postSolution
		{3576FB8B-27BD-49E3-BE51-4B20B641D3D4}.Debug|Any CPU.ActiveCfg = Debug|Any CPU
		{3576FB8B-27BD-49E3-BE51-4B20B641D3D4}.Debug|Any CPU.Build.0 = Debug|Any CPU
		{3576FB8B-27BD-49E3-BE51-4B20B641D3D4}.Debug|x64.ActiveCfg = Debug|Any CPU
		{3576FB8B-27BD-49E3-BE51-4B20B641D3D4}.Debug|x64.Build.0 = Debug|Any CPU
		{3576FB8B-27BD-49E3-BE51-4B20B641D3D4}.Debug|x86.ActiveCfg = Debug|Any CPU
		{3576FB8B-27BD-49E3-BE51-4B20B641D3D4}.Debug|x86.Build.0 = Debug|Any CPU
		{3576FB8B-27BD-49E3-BE51-4B20B641D3D4}.Release|Any CPU.ActiveCfg = Release|Any CPU
		{3576FB8B-27BD-49E3-BE51-4B20B641D3D4}.Release|Any CPU.Build.0 = Release|Any CPU
		{3576FB8B-27BD-49E3-BE51-4B20B641D3D4}.Release|x64.ActiveCfg = Release|Any CPU
		{3576FB8B-27BD-49E3-BE51-4B20B641D3D4}.Release|x64.Build.0 = Release|Any CPU
		{3576FB8B-27BD-49E3-BE51-4B20B641D3D4}.Release|x86.ActiveCfg = Release|Any CPU
		{3576FB8B-27BD-49E3-BE51-4B20B641D3D4}.Release|x86.Build.0 = Release|Any CPU
		{6AA1BADD-217F-4E75-A70B-06B250EE7A53}.Debug|Any CPU.ActiveCfg = Debug|Any CPU
		{6AA1BADD-217F-4E75-A70B-06B250EE7A53}.Debug|Any CPU.Build.0 = Debug|Any CPU
		{6AA1BADD-217F-4E75-A70B-06B250EE7A53}.Debug|x64.ActiveCfg = Debug|Any CPU
		{6AA1BADD-217F-4E75-A70B-06B250EE7A53}.Debug|x64.Build.0 = Debug|Any CPU
		{6AA1BADD-217F-4E75-A70B-06B250EE7A53}.Debug|x86.ActiveCfg = Debug|Any CPU
		{6AA1BADD-217F-4E75-A70B-06B250EE7A53}.Debug|x86.Build.0 = Debug|Any CPU
		{6AA1BADD-217F-4E75-A70B-06B250EE7A53}.Release|Any CPU.ActiveCfg = Release|Any CPU
		{6AA1BADD-217F-4E75-A70B-06B250EE7A53}.Release|Any CPU.Build.0 = Release|Any CPU
		{6AA1BADD-217F-4E75-A70B-06B250EE7A53}.Release|x64.ActiveCfg = Release|Any CPU
		{6AA1BADD-217F-4E75-A70B-06B250EE7A53}.Release|x64.Build.0 = Release|Any CPU
		{6AA1BADD-217F-4E75-A70B-06B250EE7A53}.Release|x86.ActiveCfg = Release|Any CPU
		{6AA1BADD-217F-4E75-A70B-06B250EE7A53}.Release|x86.Build.0 = Release|Any CPU
		{C70F0D57-530A-42B2-BD25-B9BE11F80F03}.Debug|Any CPU.ActiveCfg = Debug|Any CPU
		{C70F0D57-530A-42B2-BD25-B9BE11F80F03}.Debug|Any CPU.Build.0 = Debug|Any CPU
		{C70F0D57-530A-42B2-BD25-B9BE11F80F03}.Debug|x64.ActiveCfg = Debug|Any CPU
		{C70F0D57-530A-42B2-BD25-B9BE11F80F03}.Debug|x64.Build.0 = Debug|Any CPU
		{C70F0D57-530A-42B2-BD25-B9BE11F80F03}.Debug|x86.ActiveCfg = Debug|Any CPU
		{C70F0D57-530A-42B2-BD25-B9BE11F80F03}.Debug|x86.Build.0 = Debug|Any CPU
		{C70F0D57-530A-42B2-BD25-B9BE11F80F03}.Release|Any CPU.ActiveCfg = Release|Any CPU
		{C70F0D57-530A-42B2-BD25-B9BE11F80F03}.Release|Any CPU.Build.0 = Release|Any CPU
		{C70F0D57-530A-42B2-BD25-B9BE11F80F03}.Release|x64.ActiveCfg = Release|Any CPU
		{C70F0D57-530A-42B2-BD25-B9BE11F80F03}.Release|x64.Build.0 = Release|Any CPU
		{C70F0D57-530A-42B2-BD25-B9BE11F80F03}.Release|x86.ActiveCfg = Release|Any CPU
		{C70F0D57-530A-42B2-BD25-B9BE11F80F03}.Release|x86.Build.0 = Release|Any CPU
		{514A3340-BB5F-44A6-BFC6-1F08C651296E}.Debug|Any CPU.ActiveCfg = Debug|Any CPU
		{514A3340-BB5F-44A6-BFC6-1F08C651296E}.Debug|Any CPU.Build.0 = Debug|Any CPU
		{514A3340-BB5F-44A6-BFC6-1F08C651296E}.Debug|x64.ActiveCfg = Debug|Any CPU
		{514A3340-BB5F-44A6-BFC6-1F08C651296E}.Debug|x64.Build.0 = Debug|Any CPU
		{514A3340-BB5F-44A6-BFC6-1F08C651296E}.Debug|x86.ActiveCfg = Debug|Any CPU
		{514A3340-BB5F-44A6-BFC6-1F08C651296E}.Debug|x86.Build.0 = Debug|Any CPU
		{514A3340-BB5F-44A6-BFC6-1F08C651296E}.Release|Any CPU.ActiveCfg = Release|Any CPU
		{514A3340-BB5F-44A6-BFC6-1F08C651296E}.Release|Any CPU.Build.0 = Release|Any CPU
		{514A3340-BB5F-44A6-BFC6-1F08C651296E}.Release|x64.ActiveCfg = Release|Any CPU
		{514A3340-BB5F-44A6-BFC6-1F08C651296E}.Release|x64.Build.0 = Release|Any CPU
		{514A3340-BB5F-44A6-BFC6-1F08C651296E}.Release|x86.ActiveCfg = Release|Any CPU
		{514A3340-BB5F-44A6-BFC6-1F08C651296E}.Release|x86.Build.0 = Release|Any CPU
		{CEE8CEF4-1C38-4C6E-B3CD-7548301CE189}.Debug|Any CPU.ActiveCfg = Debug|Any CPU
		{CEE8CEF4-1C38-4C6E-B3CD-7548301CE189}.Debug|Any CPU.Build.0 = Debug|Any CPU
		{CEE8CEF4-1C38-4C6E-B3CD-7548301CE189}.Debug|x64.ActiveCfg = Debug|Any CPU
		{CEE8CEF4-1C38-4C6E-B3CD-7548301CE189}.Debug|x64.Build.0 = Debug|Any CPU
		{CEE8CEF4-1C38-4C6E-B3CD-7548301CE189}.Debug|x86.ActiveCfg = Debug|Any CPU
		{CEE8CEF4-1C38-4C6E-B3CD-7548301CE189}.Debug|x86.Build.0 = Debug|Any CPU
		{CEE8CEF4-1C38-4C6E-B3CD-7548301CE189}.Release|Any CPU.ActiveCfg = Release|Any CPU
		{CEE8CEF4-1C38-4C6E-B3CD-7548301CE189}.Release|Any CPU.Build.0 = Release|Any CPU
		{CEE8CEF4-1C38-4C6E-B3CD-7548301CE189}.Release|x64.ActiveCfg = Release|Any CPU
		{CEE8CEF4-1C38-4C6E-B3CD-7548301CE189}.Release|x64.Build.0 = Release|Any CPU
		{CEE8CEF4-1C38-4C6E-B3CD-7548301CE189}.Release|x86.ActiveCfg = Release|Any CPU
		{CEE8CEF4-1C38-4C6E-B3CD-7548301CE189}.Release|x86.Build.0 = Release|Any CPU
		{5A30608D-B7F4-4E4D-B1D8-8A5E6B46E953}.Debug|Any CPU.ActiveCfg = Debug|Any CPU
		{5A30608D-B7F4-4E4D-B1D8-8A5E6B46E953}.Debug|Any CPU.Build.0 = Debug|Any CPU
		{5A30608D-B7F4-4E4D-B1D8-8A5E6B46E953}.Debug|x64.ActiveCfg = Debug|Any CPU
		{5A30608D-B7F4-4E4D-B1D8-8A5E6B46E953}.Debug|x64.Build.0 = Debug|Any CPU
		{5A30608D-B7F4-4E4D-B1D8-8A5E6B46E953}.Debug|x86.ActiveCfg = Debug|Any CPU
		{5A30608D-B7F4-4E4D-B1D8-8A5E6B46E953}.Debug|x86.Build.0 = Debug|Any CPU
		{5A30608D-B7F4-4E4D-B1D8-8A5E6B46E953}.Release|Any CPU.ActiveCfg = Release|Any CPU
		{5A30608D-B7F4-4E4D-B1D8-8A5E6B46E953}.Release|Any CPU.Build.0 = Release|Any CPU
		{5A30608D-B7F4-4E4D-B1D8-8A5E6B46E953}.Release|x64.ActiveCfg = Release|Any CPU
		{5A30608D-B7F4-4E4D-B1D8-8A5E6B46E953}.Release|x64.Build.0 = Release|Any CPU
		{5A30608D-B7F4-4E4D-B1D8-8A5E6B46E953}.Release|x86.ActiveCfg = Release|Any CPU
		{5A30608D-B7F4-4E4D-B1D8-8A5E6B46E953}.Release|x86.Build.0 = Release|Any CPU
	EndGlobalSection
	GlobalSection(SolutionProperties) = preSolution
		HideSolutionNode = FALSE
	EndGlobalSection
	GlobalSection(NestedProjects) = preSolution
		{3576FB8B-27BD-49E3-BE51-4B20B641D3D4} = {827E0CD3-B72D-47B6-A68D-7590B98EB39B}
		{6AA1BADD-217F-4E75-A70B-06B250EE7A53} = {827E0CD3-B72D-47B6-A68D-7590B98EB39B}
		{C70F0D57-530A-42B2-BD25-B9BE11F80F03} = {827E0CD3-B72D-47B6-A68D-7590B98EB39B}
		{514A3340-BB5F-44A6-BFC6-1F08C651296E} = {827E0CD3-B72D-47B6-A68D-7590B98EB39B}
		{CEE8CEF4-1C38-4C6E-B3CD-7548301CE189} = {827E0CD3-B72D-47B6-A68D-7590B98EB39B}
		{5A30608D-B7F4-4E4D-B1D8-8A5E6B46E953} = {827E0CD3-B72D-47B6-A68D-7590B98EB39B}
	EndGlobalSection
EndGlobal
